
Microsoft Visual Studio Solution File, Format Version 12.00
# Visual Studio Version 17
VisualStudioVersion = 17.7.34202.233
MinimumVisualStudioVersion = 10.0.40219.1
Project("{FAE04EC0-301F-11D3-BF4B-00C04F79EFBC}") = "ODEV2", "ODEV2.csproj", "{F93E11F2-EDA6-46FC-9ACE-29F1EF410860}"
EndProject
Global
	GlobalSection(SolutionConfigurationPlatforms) = preSolution
		Debug|Any CPU = Debug|Any CPU
		Release|Any CPU = Release|Any CPU
	EndGlobalSection
	GlobalSection(ProjectConfigurationPlatforms) = postSolution
		{F93E11F2-EDA6-46FC-9ACE-29F1EF410860}.Debug|Any CPU.ActiveCfg = Debug|Any CPU
		{F93E11F2-EDA6-46FC-9ACE-29F1EF410860}.Debug|Any CPU.Build.0 = Debug|Any CPU
		{F93E11F2-EDA6-46FC-9ACE-29F1EF410860}.Release|Any CPU.ActiveCfg = Release|Any CPU
		{F93E11F2-EDA6-46FC-9ACE-29F1EF410860}.Release|Any CPU.Build.0 = Release|Any CPU
	EndGlobalSection
	GlobalSection(SolutionProperties) = preSolution
		HideSolutionNode = FALSE
	EndGlobalSection
	GlobalSection(ExtensibilityGlobals) = postSolution
		SolutionGuid = {20786A6C-F365-4AE8-B39E-9D137FAE8B6D}
	EndGlobalSection
EndGlobal
